
Microsoft Visual Studio Solution File, Format Version 12.00
# Visual Studio Version 16
VisualStudioVersion = 16.0.31205.134
MinimumVisualStudioVersion = 10.0.40219.1
Project("{9A19103F-16F7-4668-BE54-9A1E7A4F7556}") = "LinksoftStudy.Web", "LinksoftStudy.Web\LinksoftStudy.Web.csproj", "{DFEB9E14-9E65-4B84-A371-BE68634ED906}"
EndProject
Project("{9A19103F-16F7-4668-BE54-9A1E7A4F7556}") = "LinksoftStudy.Services", "LinksoftStudy.Services\LinksoftStudy.Services.csproj", "{ACBFCDC3-A453-4D8A-8216-94AEC39A6B71}"
EndProject
Project("{9A19103F-16F7-4668-BE54-9A1E7A4F7556}") = "LinksoftStudy.Data", "LinksoftStudy.Data\LinksoftStudy.Data.csproj", "{2D2C57C4-99E6-414B-91FE-99BA91FDA745}"
EndProject
Project("{9A19103F-16F7-4668-BE54-9A1E7A4F7556}") = "LinksoftStudy.Common", "LinksoftStudy.Common\LinksoftStudy.Common.csproj", "{DF60BB5E-8DA4-4560-A0B2-EFDAEFFFD53B}"
EndProject
Project("{2150E333-8FDC-42A3-9474-1A3956D46DE8}") = "Solution Items", "Solution Items", "{4D99D625-7D34-4396-9FDE-A9B4283A8770}"
	ProjectSection(SolutionItems) = preProject
		Solution Items\Instructions.md = Solution Items\Instructions.md
		Solution Items\network-data.txt = Solution Items\network-data.txt
	EndProjectSection
EndProject
Global
	GlobalSection(SolutionConfigurationPlatforms) = preSolution
		Debug|Any CPU = Debug|Any CPU
		Release|Any CPU = Release|Any CPU
	EndGlobalSection
	GlobalSection(ProjectConfigurationPlatforms) = postSolution
		{DFEB9E14-9E65-4B84-A371-BE68634ED906}.Debug|Any CPU.ActiveCfg = Debug|Any CPU
		{DFEB9E14-9E65-4B84-A371-BE68634ED906}.Debug|Any CPU.Build.0 = Debug|Any CPU
		{DFEB9E14-9E65-4B84-A371-BE68634ED906}.Release|Any CPU.ActiveCfg = Release|Any CPU
		{DFEB9E14-9E65-4B84-A371-BE68634ED906}.Release|Any CPU.Build.0 = Release|Any CPU
		{ACBFCDC3-A453-4D8A-8216-94AEC39A6B71}.Debug|Any CPU.ActiveCfg = Debug|Any CPU
		{ACBFCDC3-A453-4D8A-8216-94AEC39A6B71}.Debug|Any CPU.Build.0 = Debug|Any CPU
		{ACBFCDC3-A453-4D8A-8216-94AEC39A6B71}.Release|Any CPU.ActiveCfg = Release|Any CPU
		{ACBFCDC3-A453-4D8A-8216-94AEC39A6B71}.Release|Any CPU.Build.0 = Release|Any CPU
		{2D2C57C4-99E6-414B-91FE-99BA91FDA745}.Debug|Any CPU.ActiveCfg = Debug|Any CPU
		{2D2C57C4-99E6-414B-91FE-99BA91FDA745}.Debug|Any CPU.Build.0 = Debug|Any CPU
		{2D2C57C4-99E6-414B-91FE-99BA91FDA745}.Release|Any CPU.ActiveCfg = Release|Any CPU
		{2D2C57C4-99E6-414B-91FE-99BA91FDA745}.Release|Any CPU.Build.0 = Release|Any CPU
		{DF60BB5E-8DA4-4560-A0B2-EFDAEFFFD53B}.Debug|Any CPU.ActiveCfg = Debug|Any CPU
		{DF60BB5E-8DA4-4560-A0B2-EFDAEFFFD53B}.Debug|Any CPU.Build.0 = Debug|Any CPU
		{DF60BB5E-8DA4-4560-A0B2-EFDAEFFFD53B}.Release|Any CPU.ActiveCfg = Release|Any CPU
		{DF60BB5E-8DA4-4560-A0B2-EFDAEFFFD53B}.Release|Any CPU.Build.0 = Release|Any CPU
	EndGlobalSection
	GlobalSection(SolutionProperties) = preSolution
		HideSolutionNode = FALSE
	EndGlobalSection
	GlobalSection(ExtensibilityGlobals) = postSolution
		SolutionGuid = {1B0631C3-A573-440E-9177-429F3879C206}
	EndGlobalSection
EndGlobal
